// !$*UTF8*$!
{
	archiveVersion = 1;
	classes = {
	};
	objectVersion = 48;
	objects = {

/* Begin PBXBuildFile section */
		5B873FD71FB1E67800C60B86 /* AppDelegate.swift in Sources */ = {isa = PBXBuildFile; fileRef = 5B873FD61FB1E67800C60B86 /* AppDelegate.swift */; };
		5B873FD91FB1E67800C60B86 /* ViewController.swift in Sources */ = {isa = PBXBuildFile; fileRef = 5B873FD81FB1E67800C60B86 /* ViewController.swift */; };
		5B873FDB1FB1E67800C60B86 /* Assets.xcassets in Resources */ = {isa = PBXBuildFile; fileRef = 5B873FDA1FB1E67800C60B86 /* Assets.xcassets */; };
		5B873FDE1FB1E67800C60B86 /* Main.storyboard in Resources */ = {isa = PBXBuildFile; fileRef = 5B873FDC1FB1E67800C60B86 /* Main.storyboard */; };
		5B959B731FB1EBDF0053EF9F /* bridge.m in Sources */ = {isa = PBXBuildFile; fileRef = 5B959B721FB1EBDF0053EF9F /* bridge.m */; };
		F8F7065CA40E8706AC392B8B /* libPods-BraintreeOSXDemo.a in Frameworks */ = {isa = PBXBuildFile; fileRef = 62EED280A4EEC52ABD5D184C /* libPods-BraintreeOSXDemo.a */; };
/* End PBXBuildFile section */

/* Begin PBXFileReference section */
		5B873FD31FB1E67800C60B86 /* BraintreeOSXDemo.app */ = {isa = PBXFileReference; explicitFileType = wrapper.application; includeInIndex = 0; path = BraintreeOSXDemo.app; sourceTree = BUILT_PRODUCTS_DIR; };
		5B873FD61FB1E67800C60B86 /* AppDelegate.swift */ = {isa = PBXFileReference; lastKnownFileType = sourcecode.swift; path = AppDelegate.swift; sourceTree = "<group>"; };
		5B873FD81FB1E67800C60B86 /* ViewController.swift */ = {isa = PBXFileReference; lastKnownFileType = sourcecode.swift; path = ViewController.swift; sourceTree = "<group>"; };
		5B873FDA1FB1E67800C60B86 /* Assets.xcassets */ = {isa = PBXFileReference; lastKnownFileType = folder.assetcatalog; path = Assets.xcassets; sourceTree = "<group>"; };
		5B873FDD1FB1E67800C60B86 /* Base */ = {isa = PBXFileReference; lastKnownFileType = file.storyboard; name = Base; path = Base.lproj/Main.storyboard; sourceTree = "<group>"; };
		5B873FDF1FB1E67800C60B86 /* Info.plist */ = {isa = PBXFileReference; lastKnownFileType = text.plist.xml; path = Info.plist; sourceTree = "<group>"; };
		5B873FE01FB1E67800C60B86 /* BraintreeOSXDemo.entitlements */ = {isa = PBXFileReference; lastKnownFileType = text.plist.entitlements; path = BraintreeOSXDemo.entitlements; sourceTree = "<group>"; };
		5B959B711FB1EBDE0053EF9F /* BraintreeOSXDemo-Bridging-Header.h */ = {isa = PBXFileReference; lastKnownFileType = sourcecode.c.h; path = "BraintreeOSXDemo-Bridging-Header.h"; sourceTree = "<group>"; };
		5B959B721FB1EBDF0053EF9F /* bridge.m */ = {isa = PBXFileReference; lastKnownFileType = sourcecode.c.objc; path = bridge.m; sourceTree = "<group>"; };
		62EED280A4EEC52ABD5D184C /* libPods-BraintreeOSXDemo.a */ = {isa = PBXFileReference; explicitFileType = archive.ar; includeInIndex = 0; path = "libPods-BraintreeOSXDemo.a"; sourceTree = BUILT_PRODUCTS_DIR; };
		8DF855B2BD6C246ACCAC928A /* Pods-BraintreeOSXDemo.debug.xcconfig */ = {isa = PBXFileReference; includeInIndex = 1; lastKnownFileType = text.xcconfig; name = "Pods-BraintreeOSXDemo.debug.xcconfig"; path = "Pods/Target Support Files/Pods-BraintreeOSXDemo/Pods-BraintreeOSXDemo.debug.xcconfig"; sourceTree = "<group>"; };
		B3C994AFF676F707E15E672E /* Pods-BraintreeOSXDemo.release.xcconfig */ = {isa = PBXFileReference; includeInIndex = 1; lastKnownFileType = text.xcconfig; name = "Pods-BraintreeOSXDemo.release.xcconfig"; path = "Pods/Target Support Files/Pods-BraintreeOSXDemo/Pods-BraintreeOSXDemo.release.xcconfig"; sourceTree = "<group>"; };
/* End PBXFileReference section */

/* Begin PBXFrameworksBuildPhase section */
		5B873FD01FB1E67800C60B86 /* Frameworks */ = {
			isa = PBXFrameworksBuildPhase;
			buildActionMask = 2147483647;
			files = (
				F8F7065CA40E8706AC392B8B /* libPods-BraintreeOSXDemo.a in Frameworks */,
			);
			runOnlyForDeploymentPostprocessing = 0;
		};
/* End PBXFrameworksBuildPhase section */

/* Begin PBXGroup section */
		5B873FCA1FB1E67800C60B86 = {
			isa = PBXGroup;
			children = (
				5B873FD51FB1E67800C60B86 /* BraintreeOSXDemo */,
				5B873FD41FB1E67800C60B86 /* Products */,
				84A7DEB1814626BCB20154D2 /* Pods */,
				818A48235C366B6F7DAE0E11 /* Frameworks */,
			);
			sourceTree = "<group>";
		};
		5B873FD41FB1E67800C60B86 /* Products */ = {
			isa = PBXGroup;
			children = (
				5B873FD31FB1E67800C60B86 /* BraintreeOSXDemo.app */,
			);
			name = Products;
			sourceTree = "<group>";
		};
		5B873FD51FB1E67800C60B86 /* BraintreeOSXDemo */ = {
			isa = PBXGroup;
			children = (
				5B873FD61FB1E67800C60B86 /* AppDelegate.swift */,
				5B873FD81FB1E67800C60B86 /* ViewController.swift */,
				5B873FDA1FB1E67800C60B86 /* Assets.xcassets */,
				5B873FDC1FB1E67800C60B86 /* Main.storyboard */,
				5B873FDF1FB1E67800C60B86 /* Info.plist */,
				5B873FE01FB1E67800C60B86 /* BraintreeOSXDemo.entitlements */,
				5B959B721FB1EBDF0053EF9F /* bridge.m */,
				5B959B711FB1EBDE0053EF9F /* BraintreeOSXDemo-Bridging-Header.h */,
			);
			path = BraintreeOSXDemo;
			sourceTree = "<group>";
		};
		818A48235C366B6F7DAE0E11 /* Frameworks */ = {
			isa = PBXGroup;
			children = (
				62EED280A4EEC52ABD5D184C /* libPods-BraintreeOSXDemo.a */,
			);
			name = Frameworks;
			sourceTree = "<group>";
		};
		84A7DEB1814626BCB20154D2 /* Pods */ = {
			isa = PBXGroup;
			children = (
				8DF855B2BD6C246ACCAC928A /* Pods-BraintreeOSXDemo.debug.xcconfig */,
				B3C994AFF676F707E15E672E /* Pods-BraintreeOSXDemo.release.xcconfig */,
			);
			name = Pods;
			sourceTree = "<group>";
		};
/* End PBXGroup section */

/* Begin PBXNativeTarget section */
		5B873FD21FB1E67800C60B86 /* BraintreeOSXDemo */ = {
			isa = PBXNativeTarget;
			buildConfigurationList = 5B873FE31FB1E67800C60B86 /* Build configuration list for PBXNativeTarget "BraintreeOSXDemo" */;
			buildPhases = (
				CB6DF30DBCD892D8C01892FF /* [CP] Check Pods Manifest.lock */,
				5B873FCF1FB1E67800C60B86 /* Sources */,
				5B873FD01FB1E67800C60B86 /* Frameworks */,
				5B873FD11FB1E67800C60B86 /* Resources */,
				6866C365D826F1416F3F567A /* [CP] Embed Pods Frameworks */,
				262B968C4BAFA07732CC2A84 /* [CP] Copy Pods Resources */,
			);
			buildRules = (
			);
			dependencies = (
			);
			name = BraintreeOSXDemo;
			productName = BraintreeOSXDemo;
			productReference = 5B873FD31FB1E67800C60B86 /* BraintreeOSXDemo.app */;
			productType = "com.apple.product-type.application";
		};
/* End PBXNativeTarget section */

/* Begin PBXProject section */
		5B873FCB1FB1E67800C60B86 /* Project object */ = {
			isa = PBXProject;
			attributes = {
				LastSwiftUpdateCheck = 0910;
				LastUpgradeCheck = 0930;
				ORGANIZATIONNAME = CASEapps;
				TargetAttributes = {
					5B873FD21FB1E67800C60B86 = {
						CreatedOnToolsVersion = 9.1;
						LastSwiftMigration = 0910;
						ProvisioningStyle = Automatic;
					};
				};
			};
			buildConfigurationList = 5B873FCE1FB1E67800C60B86 /* Build configuration list for PBXProject "BraintreeOSXDemo" */;
			compatibilityVersion = "Xcode 8.0";
			developmentRegion = en;
			hasScannedForEncodings = 0;
			knownRegions = (
				en,
				Base,
			);
			mainGroup = 5B873FCA1FB1E67800C60B86;
			productRefGroup = 5B873FD41FB1E67800C60B86 /* Products */;
			projectDirPath = "";
			projectRoot = "";
			targets = (
				5B873FD21FB1E67800C60B86 /* BraintreeOSXDemo */,
			);
		};
/* End PBXProject section */

/* Begin PBXResourcesBuildPhase section */
		5B873FD11FB1E67800C60B86 /* Resources */ = {
			isa = PBXResourcesBuildPhase;
			buildActionMask = 2147483647;
			files = (
				5B873FDB1FB1E67800C60B86 /* Assets.xcassets in Resources */,
				5B873FDE1FB1E67800C60B86 /* Main.storyboard in Resources */,
			);
			runOnlyForDeploymentPostprocessing = 0;
		};
/* End PBXResourcesBuildPhase section */

/* Begin PBXShellScriptBuildPhase section */
		262B968C4BAFA07732CC2A84 /* [CP] Copy Pods Resources */ = {
			isa = PBXShellScriptBuildPhase;
			buildActionMask = 2147483647;
			files = (
			);
			inputPaths = (
			);
			name = "[CP] Copy Pods Resources";
			outputPaths = (
			);
			runOnlyForDeploymentPostprocessing = 0;
			shellPath = /bin/sh;
			shellScript = "\"${SRCROOT}/Pods/Target Support Files/Pods-BraintreeOSXDemo/Pods-BraintreeOSXDemo-resources.sh\"\n";
			showEnvVarsInLog = 0;
		};
		6866C365D826F1416F3F567A /* [CP] Embed Pods Frameworks */ = {
			isa = PBXShellScriptBuildPhase;
			buildActionMask = 2147483647;
			files = (
			);
			inputPaths = (
			);
			name = "[CP] Embed Pods Frameworks";
			outputPaths = (
			);
			runOnlyForDeploymentPostprocessing = 0;
			shellPath = /bin/sh;
			shellScript = "\"${SRCROOT}/Pods/Target Support Files/Pods-BraintreeOSXDemo/Pods-BraintreeOSXDemo-frameworks.sh\"\n";
			showEnvVarsInLog = 0;
		};
		CB6DF30DBCD892D8C01892FF /* [CP] Check Pods Manifest.lock */ = {
			isa = PBXShellScriptBuildPhase;
			buildActionMask = 2147483647;
			files = (
			);
			inputPaths = (
				"${PODS_PODFILE_DIR_PATH}/Podfile.lock",
				"${PODS_ROOT}/Manifest.lock",
			);
			name = "[CP] Check Pods Manifest.lock";
			outputPaths = (
				"$(DERIVED_FILE_DIR)/Pods-BraintreeOSXDemo-checkManifestLockResult.txt",
			);
			runOnlyForDeploymentPostprocessing = 0;
			shellPath = /bin/sh;
			shellScript = "diff \"${PODS_PODFILE_DIR_PATH}/Podfile.lock\" \"${PODS_ROOT}/Manifest.lock\" > /dev/null\nif [ $? != 0 ] ; then\n    # print error to STDERR\n    echo \"error: The sandbox is not in sync with the Podfile.lock. Run 'pod install' or update your CocoaPods installation.\" >&2\n    exit 1\nfi\n# This output is used by Xcode 'outputs' to avoid re-running this script phase.\necho \"SUCCESS\" > \"${SCRIPT_OUTPUT_FILE_0}\"\n";
			showEnvVarsInLog = 0;
		};
/* End PBXShellScriptBuildPhase section */

/* Begin PBXSourcesBuildPhase section */
		5B873FCF1FB1E67800C60B86 /* Sources */ = {
			isa = PBXSourcesBuildPhase;
			buildActionMask = 2147483647;
			files = (
				5B959B731FB1EBDF0053EF9F /* bridge.m in Sources */,
				5B873FD91FB1E67800C60B86 /* ViewController.swift in Sources */,
				5B873FD71FB1E67800C60B86 /* AppDelegate.swift in Sources */,
			);
			runOnlyForDeploymentPostprocessing = 0;
		};
/* End PBXSourcesBuildPhase section */

/* Begin PBXVariantGroup section */
		5B873FDC1FB1E67800C60B86 /* Main.storyboard */ = {
			isa = PBXVariantGroup;
			children = (
				5B873FDD1FB1E67800C60B86 /* Base */,
			);
			name = Main.storyboard;
			sourceTree = "<group>";
		};
/* End PBXVariantGroup section */

/* Begin XCBuildConfiguration section */
		5B873FE11FB1E67800C60B86 /* Debug */ = {
			isa = XCBuildConfiguration;
			buildSettings = {
				ALWAYS_SEARCH_USER_PATHS = NO;
				CLANG_ANALYZER_NONNULL = YES;
				CLANG_ANALYZER_NUMBER_OBJECT_CONVERSION = YES_AGGRESSIVE;
				CLANG_CXX_LANGUAGE_STANDARD = "gnu++14";
				CLANG_CXX_LIBRARY = "libc++";
				CLANG_ENABLE_MODULES = YES;
				CLANG_ENABLE_OBJC_ARC = YES;
				CLANG_WARN_BLOCK_CAPTURE_AUTORELEASING = YES;
				CLANG_WARN_BOOL_CONVERSION = YES;
				CLANG_WARN_COMMA = YES;
				CLANG_WARN_CONSTANT_CONVERSION = YES;
				CLANG_WARN_DEPRECATED_OBJC_IMPLEMENTATIONS = YES;
				CLANG_WARN_DIRECT_OBJC_ISA_USAGE = YES_ERROR;
				CLANG_WARN_DOCUMENTATION_COMMENTS = YES;
				CLANG_WARN_EMPTY_BODY = YES;
				CLANG_WARN_ENUM_CONVERSION = YES;
				CLANG_WARN_INFINITE_RECURSION = YES;
				CLANG_WARN_INT_CONVERSION = YES;
				CLANG_WARN_NON_LITERAL_NULL_CONVERSION = YES;
				CLANG_WARN_OBJC_IMPLICIT_RETAIN_SELF = YES;
				CLANG_WARN_OBJC_LITERAL_CONVERSION = YES;
				CLANG_WARN_OBJC_ROOT_CLASS = YES_ERROR;
				CLANG_WARN_RANGE_LOOP_ANALYSIS = YES;
				CLANG_WARN_STRICT_PROTOTYPES = YES;
				CLANG_WARN_SUSPICIOUS_MOVE = YES;
				CLANG_WARN_UNGUARDED_AVAILABILITY = YES_AGGRESSIVE;
				CLANG_WARN_UNREACHABLE_CODE = YES;
				CLANG_WARN__DUPLICATE_METHOD_MATCH = YES;
				CODE_SIGN_IDENTITY = "Mac Developer";
				COPY_PHASE_STRIP = NO;
				DEBUG_INFORMATION_FORMAT = dwarf;
				ENABLE_STRICT_OBJC_MSGSEND = YES;
				ENABLE_TESTABILITY = YES;
				GCC_C_LANGUAGE_STANDARD = gnu11;
				GCC_DYNAMIC_NO_PIC = NO;
				GCC_NO_COMMON_BLOCKS = YES;
				GCC_OPTIMIZATION_LEVEL = 0;
				GCC_PREPROCESSOR_DEFINITIONS = (
					"DEBUG=1",
					"$(inherited)",
				);
				GCC_WARN_64_TO_32_BIT_CONVERSION = YES;
				GCC_WARN_ABOUT_RETURN_TYPE = YES_ERROR;
				GCC_WARN_UNDECLARED_SELECTOR = YES;
				GCC_WARN_UNINITIALIZED_AUTOS = YES_AGGRESSIVE;
				GCC_WARN_UNUSED_FUNCTION = YES;
				GCC_WARN_UNUSED_VARIABLE = YES;
				MACOSX_DEPLOYMENT_TARGET = 10.13;
				MTL_ENABLE_DEBUG_INFO = YES;
				ONLY_ACTIVE_ARCH = YES;
				SDKROOT = macosx;
				SWIFT_ACTIVE_COMPILATION_CONDITIONS = DEBUG;
				SWIFT_OPTIMIZATION_LEVEL = "-Onone";
			};
			name = Debug;
		};
		5B873FE21FB1E67800C60B86 /* Release */ = {
			isa = XCBuildConfiguration;
			buildSettings = {
				ALWAYS_SEARCH_USER_PATHS = NO;
				CLANG_ANALYZER_NONNULL = YES;
				CLANG_ANALYZER_NUMBER_OBJECT_CONVERSION = YES_AGGRESSIVE;
				CLANG_CXX_LANGUAGE_STANDARD = "gnu++14";
				CLANG_CXX_LIBRARY = "libc++";
				CLANG_ENABLE_MODULES = YES;
				CLANG_ENABLE_OBJC_ARC = YES;
				CLANG_WARN_BLOCK_CAPTURE_AUTORELEASING = YES;
				CLANG_WARN_BOOL_CONVERSION = YES;
				CLANG_WARN_COMMA = YES;
				CLANG_WARN_CONSTANT_CONVERSION = YES;
				CLANG_WARN_DEPRECATED_OBJC_IMPLEMENTATIONS = YES;
				CLANG_WARN_DIRECT_OBJC_ISA_USAGE = YES_ERROR;
				CLANG_WARN_DOCUMENTATION_COMMENTS = YES;
				CLANG_WARN_EMPTY_BODY = YES;
				CLANG_WARN_ENUM_CONVERSION = YES;
				CLANG_WARN_INFINITE_RECURSION = YES;
				CLANG_WARN_INT_CONVERSION = YES;
				CLANG_WARN_NON_LITERAL_NULL_CONVERSION = YES;
				CLANG_WARN_OBJC_IMPLICIT_RETAIN_SELF = YES;
				CLANG_WARN_OBJC_LITERAL_CONVERSION = YES;
				CLANG_WARN_OBJC_ROOT_CLASS = YES_ERROR;
				CLANG_WARN_RANGE_LOOP_ANALYSIS = YES;
				CLANG_WARN_STRICT_PROTOTYPES = YES;
				CLANG_WARN_SUSPICIOUS_MOVE = YES;
				CLANG_WARN_UNGUARDED_AVAILABILITY = YES_AGGRESSIVE;
				CLANG_WARN_UNREACHABLE_CODE = YES;
				CLANG_WARN__DUPLICATE_METHOD_MATCH = YES;
				CODE_SIGN_IDENTITY = "Mac Developer";
				COPY_PHASE_STRIP = NO;
				DEBUG_INFORMATION_FORMAT = "dwarf-with-dsym";
				ENABLE_NS_ASSERTIONS = NO;
				ENABLE_STRICT_OBJC_MSGSEND = YES;
				GCC_C_LANGUAGE_STANDARD = gnu11;
				GCC_NO_COMMON_BLOCKS = YES;
				GCC_WARN_64_TO_32_BIT_CONVERSION = YES;
				GCC_WARN_ABOUT_RETURN_TYPE = YES_ERROR;
				GCC_WARN_UNDECLARED_SELECTOR = YES;
				GCC_WARN_UNINITIALIZED_AUTOS = YES_AGGRESSIVE;
				GCC_WARN_UNUSED_FUNCTION = YES;
				GCC_WARN_UNUSED_VARIABLE = YES;
				MACOSX_DEPLOYMENT_TARGET = 10.13;
				MTL_ENABLE_DEBUG_INFO = NO;
				SDKROOT = macosx;
				SWIFT_OPTIMIZATION_LEVEL = "-Owholemodule";
			};
			name = Release;
		};
		5B873FE41FB1E67800C60B86 /* Debug */ = {
			isa = XCBuildConfiguration;
			baseConfigurationReference = 8DF855B2BD6C246ACCAC928A /* Pods-BraintreeOSXDemo.debug.xcconfig */;
			buildSettings = {
				ASSETCATALOG_COMPILER_APPICON_NAME = AppIcon;
				CLANG_ENABLE_MODULES = YES;
				CODE_SIGN_ENTITLEMENTS = BraintreeOSXDemo/BraintreeOSXDemo.entitlements;
				CODE_SIGN_STYLE = Automatic;
				COMBINE_HIDPI_IMAGES = YES;
				DEVELOPMENT_TEAM = 2GEM4KA54D;
				INFOPLIST_FILE = BraintreeOSXDemo/Info.plist;
				LD_RUNPATH_SEARCH_PATHS = "$(inherited) @executable_path/../Frameworks";
				PRODUCT_BUNDLE_IDENTIFIER = com.caseapps.BraintreeOSXDemo;
				PRODUCT_NAME = "$(TARGET_NAME)";
				SWIFT_OBJC_BRIDGING_HEADER = "BraintreeOSXDemo/BraintreeOSXDemo-Bridging-Header.h";
				SWIFT_OPTIMIZATION_LEVEL = "-Onone";
				SWIFT_VERSION = 4.0;
			};
			name = Debug;
		};
		5B873FE51FB1E67800C60B86 /* Release */ = {
			isa = XCBuildConfiguration;
			baseConfigurationReference = B3C994AFF676F707E15E672E /* Pods-BraintreeOSXDemo.release.xcconfig */;
			buildSettings = {
				ASSETCATALOG_COMPILER_APPICON_NAME = AppIcon;
				CLANG_ENABLE_MODULES = YES;
				CODE_SIGN_ENTITLEMENTS = BraintreeOSXDemo/BraintreeOSXDemo.entitlements;
				CODE_SIGN_STYLE = Automatic;
				COMBINE_HIDPI_IMAGES = YES;
				DEVELOPMENT_TEAM = 2GEM4KA54D;
				INFOPLIST_FILE = BraintreeOSXDemo/Info.plist;
				LD_RUNPATH_SEARCH_PATHS = "$(inherited) @executable_path/../Frameworks";
				PRODUCT_BUNDLE_IDENTIFIER = com.caseapps.BraintreeOSXDemo;
				PRODUCT_NAME = "$(TARGET_NAME)";
				SWIFT_OBJC_BRIDGING_HEADER = "BraintreeOSXDemo/BraintreeOSXDemo-Bridging-Header.h";
				SWIFT_VERSION = 4.0;
			};
			name = Release;
		};
/* End XCBuildConfiguration section */

/* Begin XCConfigurationList section */
		5B873FCE1FB1E67800C60B86 /* Build configuration list for PBXProject "BraintreeOSXDemo" */ = {
			isa = XCConfigurationList;
			buildConfigurations = (
				5B873FE11FB1E67800C60B86 /* Debug */,
				5B873FE21FB1E67800C60B86 /* Release */,
			);
			defaultConfigurationIsVisible = 0;
			defaultConfigurationName = Release;
		};
		5B873FE31FB1E67800C60B86 /* Build configuration list for PBXNativeTarget "BraintreeOSXDemo" */ = {
			isa = XCConfigurationList;
			buildConfigurations = (
				5B873FE41FB1E67800C60B86 /* Debug */,
				5B873FE51FB1E67800C60B86 /* Release */,
			);
			defaultConfigurationIsVisible = 0;
			defaultConfigurationName = Release;
		};
/* End XCConfigurationList section */
	};
	rootObject = 5B873FCB1FB1E67800C60B86 /* Project object */;
}
